
Microsoft Visual Studio Solution File, Format Version 12.00
# Visual Studio 15
VisualStudioVersion = 15.0.28307.1145
MinimumVisualStudioVersion = 10.0.40219.1
Project("{FAE04EC0-301F-11D3-BF4B-00C04F79EFBC}") = "TestProject_MrRaju", "TestProject_MrRaju\TestProject_MrRaju.csproj", "{EF1AC057-CF04-449E-99D8-BDF3B4CD0B70}"
EndProject
Global
	GlobalSection(SolutionConfigurationPlatforms) = preSolution
		Debug|Any CPU = Debug|Any CPU
		Release|Any CPU = Release|Any CPU
	EndGlobalSection
	GlobalSection(ProjectConfigurationPlatforms) = postSolution
		{EF1AC057-CF04-449E-99D8-BDF3B4CD0B70}.Debug|Any CPU.ActiveCfg = Debug|Any CPU
		{EF1AC057-CF04-449E-99D8-BDF3B4CD0B70}.Debug|Any CPU.Build.0 = Debug|Any CPU
		{EF1AC057-CF04-449E-99D8-BDF3B4CD0B70}.Release|Any CPU.ActiveCfg = Release|Any CPU
		{EF1AC057-CF04-449E-99D8-BDF3B4CD0B70}.Release|Any CPU.Build.0 = Release|Any CPU
	EndGlobalSection
	GlobalSection(SolutionProperties) = preSolution
		HideSolutionNode = FALSE
	EndGlobalSection
	GlobalSection(ExtensibilityGlobals) = postSolution
		SolutionGuid = {79BAD898-0547-4389-A9BC-6DC17BBA3D50}
	EndGlobalSection
EndGlobal
