
Microsoft Visual Studio Solution File, Format Version 12.00
# Visual Studio 15
VisualStudioVersion = 15.0.28307.1145
MinimumVisualStudioVersion = 10.0.40219.1
Project("{FAE04EC0-301F-11D3-BF4B-00C04F79EFBC}") = "Interfaces", "Interfaces\Interfaces.csproj", "{7133A068-CB92-47F2-89BD-BE2576EE11EF}"
EndProject
Global
	GlobalSection(SolutionConfigurationPlatforms) = preSolution
		Debug|Any CPU = Debug|Any CPU
		Release|Any CPU = Release|Any CPU
	EndGlobalSection
	GlobalSection(ProjectConfigurationPlatforms) = postSolution
		{7133A068-CB92-47F2-89BD-BE2576EE11EF}.Debug|Any CPU.ActiveCfg = Debug|Any CPU
		{7133A068-CB92-47F2-89BD-BE2576EE11EF}.Debug|Any CPU.Build.0 = Debug|Any CPU
		{7133A068-CB92-47F2-89BD-BE2576EE11EF}.Release|Any CPU.ActiveCfg = Release|Any CPU
		{7133A068-CB92-47F2-89BD-BE2576EE11EF}.Release|Any CPU.Build.0 = Release|Any CPU
	EndGlobalSection
	GlobalSection(SolutionProperties) = preSolution
		HideSolutionNode = FALSE
	EndGlobalSection
	GlobalSection(ExtensibilityGlobals) = postSolution
		SolutionGuid = {796C9423-448A-44D8-8C58-9019990BFF06}
	EndGlobalSection
EndGlobal
